
Microsoft Visual Studio Solution File, Format Version 12.00
# Visual Studio Version 17
VisualStudioVersion = 17.12.35527.113 d17.12
MinimumVisualStudioVersion = 10.0.40219.1
Project("{FAE04EC0-301F-11D3-BF4B-00C04F79EFBC}") = "Expected", "Expected\Expected.csproj", "{09E98D93-7248-4078-886C-F361DD7D1613}"
EndProject
Project("{2150E333-8FDC-42A3-9474-1A3956D46DE8}") = "Solution Items", "Solution Items", "{06BB5B90-3D9B-4ED0-8AF7-AD08BEE3EDEF}"
	ProjectSection(SolutionItems) = preProject
		.gitignore = .gitignore
		Directory.Build.props = Directory.Build.props
		Directory.Build.targets = Directory.Build.targets
		Directory.Packages.props = Directory.Packages.props
		global.json = global.json
	EndProjectSection
EndProject
Global
	GlobalSection(SolutionConfigurationPlatforms) = preSolution
		Debug|Any CPU = Debug|Any CPU
		Release|Any CPU = Release|Any CPU
	EndGlobalSection
	GlobalSection(ProjectConfigurationPlatforms) = postSolution
		{09E98D93-7248-4078-886C-F361DD7D1613}.Debug|Any CPU.ActiveCfg = Debug|Any CPU
		{09E98D93-7248-4078-886C-F361DD7D1613}.Debug|Any CPU.Build.0 = Debug|Any CPU
		{09E98D93-7248-4078-886C-F361DD7D1613}.Debug|Any CPU.Deploy.0 = Debug|Any CPU
		{09E98D93-7248-4078-886C-F361DD7D1613}.Release|Any CPU.ActiveCfg = Release|Any CPU
		{09E98D93-7248-4078-886C-F361DD7D1613}.Release|Any CPU.Build.0 = Release|Any CPU
		{09E98D93-7248-4078-886C-F361DD7D1613}.Release|Any CPU.Deploy.0 = Release|Any CPU
	EndGlobalSection
	GlobalSection(SolutionProperties) = preSolution
		HideSolutionNode = FALSE
	EndGlobalSection
EndGlobal
